
Microsoft Visual Studio Solution File, Format Version 12.00
# Visual Studio Version 16
VisualStudioVersion = 16.0.30011.22
MinimumVisualStudioVersion = 10.0.40219.1
Project("{FAE04EC0-301F-11D3-BF4B-00C04F79EFBC}") = "Workshop1", "Workshop1.csproj", "{40607BD5-95F3-4993-9E98-266EAE2C45F5}"
EndProject
Global
	GlobalSection(SolutionConfigurationPlatforms) = preSolution
		Debug|Any CPU = Debug|Any CPU
		Release|Any CPU = Release|Any CPU
	EndGlobalSection
	GlobalSection(ProjectConfigurationPlatforms) = postSolution
		{40607BD5-95F3-4993-9E98-266EAE2C45F5}.Debug|Any CPU.ActiveCfg = Debug|Any CPU
		{40607BD5-95F3-4993-9E98-266EAE2C45F5}.Debug|Any CPU.Build.0 = Debug|Any CPU
		{40607BD5-95F3-4993-9E98-266EAE2C45F5}.Release|Any CPU.ActiveCfg = Release|Any CPU
		{40607BD5-95F3-4993-9E98-266EAE2C45F5}.Release|Any CPU.Build.0 = Release|Any CPU
	EndGlobalSection
	GlobalSection(SolutionProperties) = preSolution
		HideSolutionNode = FALSE
	EndGlobalSection
	GlobalSection(ExtensibilityGlobals) = postSolution
		SolutionGuid = {370BE836-C2C2-4F4B-A49F-ACAF7780CBE6}
	EndGlobalSection
EndGlobal
